
Microsoft Visual Studio Solution File, Format Version 12.00
# Visual Studio Version 17
VisualStudioVersion = 17.12.35527.113 d17.12
MinimumVisualStudioVersion = 10.0.40219.1
Project("{FAE04EC0-301F-11D3-BF4B-00C04F79EFBC}") = "TaskManagement", "TaskManagement\TaskManagement.csproj", "{8509A209-910B-4D02-9836-86C5092B477E}"
EndProject
Project("{FAE04EC0-301F-11D3-BF4B-00C04F79EFBC}") = "Services", "Services\Services.csproj", "{3FD4871B-D042-4431-8ADE-84E48DD89666}"
EndProject
Project("{FAE04EC0-301F-11D3-BF4B-00C04F79EFBC}") = "Repositories", "Repositories\Repositories.csproj", "{2BA7E498-D962-4C3D-B939-E724AA011BAB}"
EndProject
Project("{FAE04EC0-301F-11D3-BF4B-00C04F79EFBC}") = "BusinessObjects", "BusinessObjects\BusinessObjects.csproj", "{67AA403F-17F7-4C47-878C-B82C3EB1B2C6}"
EndProject
Global
	GlobalSection(SolutionConfigurationPlatforms) = preSolution
		Debug|Any CPU = Debug|Any CPU
		Release|Any CPU = Release|Any CPU
	EndGlobalSection
	GlobalSection(ProjectConfigurationPlatforms) = postSolution
		{8509A209-910B-4D02-9836-86C5092B477E}.Debug|Any CPU.ActiveCfg = Debug|Any CPU
		{8509A209-910B-4D02-9836-86C5092B477E}.Debug|Any CPU.Build.0 = Debug|Any CPU
		{8509A209-910B-4D02-9836-86C5092B477E}.Release|Any CPU.ActiveCfg = Release|Any CPU
		{8509A209-910B-4D02-9836-86C5092B477E}.Release|Any CPU.Build.0 = Release|Any CPU
		{3FD4871B-D042-4431-8ADE-84E48DD89666}.Debug|Any CPU.ActiveCfg = Debug|Any CPU
		{3FD4871B-D042-4431-8ADE-84E48DD89666}.Debug|Any CPU.Build.0 = Debug|Any CPU
		{3FD4871B-D042-4431-8ADE-84E48DD89666}.Release|Any CPU.ActiveCfg = Release|Any CPU
		{3FD4871B-D042-4431-8ADE-84E48DD89666}.Release|Any CPU.Build.0 = Release|Any CPU
		{2BA7E498-D962-4C3D-B939-E724AA011BAB}.Debug|Any CPU.ActiveCfg = Debug|Any CPU
		{2BA7E498-D962-4C3D-B939-E724AA011BAB}.Debug|Any CPU.Build.0 = Debug|Any CPU
		{2BA7E498-D962-4C3D-B939-E724AA011BAB}.Release|Any CPU.ActiveCfg = Release|Any CPU
		{2BA7E498-D962-4C3D-B939-E724AA011BAB}.Release|Any CPU.Build.0 = Release|Any CPU
		{67AA403F-17F7-4C47-878C-B82C3EB1B2C6}.Debug|Any CPU.ActiveCfg = Debug|Any CPU
		{67AA403F-17F7-4C47-878C-B82C3EB1B2C6}.Debug|Any CPU.Build.0 = Debug|Any CPU
		{67AA403F-17F7-4C47-878C-B82C3EB1B2C6}.Release|Any CPU.ActiveCfg = Release|Any CPU
		{67AA403F-17F7-4C47-878C-B82C3EB1B2C6}.Release|Any CPU.Build.0 = Release|Any CPU
	EndGlobalSection
	GlobalSection(SolutionProperties) = preSolution
		HideSolutionNode = FALSE
	EndGlobalSection
EndGlobal
